
Microsoft Visual Studio Solution File, Format Version 12.00
# Visual Studio Version 16
VisualStudioVersion = 16.0.29519.181
MinimumVisualStudioVersion = 10.0.40219.1
Project("{FAE04EC0-301F-11D3-BF4B-00C04F79EFBC}") = "CRM_MVC", "CRM_MVC\CRM_MVC.csproj", "{CE9AD830-BEF3-40D8-A735-6638C64860DA}"
EndProject
Global
	GlobalSection(SolutionConfigurationPlatforms) = preSolution
		Debug|Any CPU = Debug|Any CPU
		Release|Any CPU = Release|Any CPU
	EndGlobalSection
	GlobalSection(ProjectConfigurationPlatforms) = postSolution
		{CE9AD830-BEF3-40D8-A735-6638C64860DA}.Debug|Any CPU.ActiveCfg = Debug|Any CPU
		{CE9AD830-BEF3-40D8-A735-6638C64860DA}.Debug|Any CPU.Build.0 = Debug|Any CPU
		{CE9AD830-BEF3-40D8-A735-6638C64860DA}.Release|Any CPU.ActiveCfg = Release|Any CPU
		{CE9AD830-BEF3-40D8-A735-6638C64860DA}.Release|Any CPU.Build.0 = Release|Any CPU
	EndGlobalSection
	GlobalSection(SolutionProperties) = preSolution
		HideSolutionNode = FALSE
	EndGlobalSection
	GlobalSection(ExtensibilityGlobals) = postSolution
		SolutionGuid = {14990009-2908-42C0-A9EA-78DD53E468BB}
	EndGlobalSection
EndGlobal
